
Microsoft Visual Studio Solution File, Format Version 12.00
# Visual Studio 14
VisualStudioVersion = 14.0.25123.0
MinimumVisualStudioVersion = 10.0.40219.1
Project("{FAE04EC0-301F-11D3-BF4B-00C04F79EFBC}") = "test", "test\test.csproj", "{17CE07F3-505A-4E55-B500-FC73CC74772B}"
EndProject
Project("{FAE04EC0-301F-11D3-BF4B-00C04F79EFBC}") = "test.Tests", "test.Tests\test.Tests.csproj", "{C463C8D4-0EAD-4BEA-A6A2-FFFB4A2A1F2D}"
EndProject
Project("{FAE04EC0-301F-11D3-BF4B-00C04F79EFBC}") = "test.Data", "test.Data\test.Data.csproj", "{E6BFE1EA-6E76-46FA-9D55-B2CC5B2D2E9B}"
EndProject
Project("{FAE04EC0-301F-11D3-BF4B-00C04F79EFBC}") = "test.Business", "test.Business\test.Business.csproj", "{F55E5D06-76F7-4A52-B905-AFBD12B64B59}"
EndProject
Global
	GlobalSection(SolutionConfigurationPlatforms) = preSolution
		Debug|Any CPU = Debug|Any CPU
		Release|Any CPU = Release|Any CPU
	EndGlobalSection
	GlobalSection(ProjectConfigurationPlatforms) = postSolution
		{17CE07F3-505A-4E55-B500-FC73CC74772B}.Debug|Any CPU.ActiveCfg = Debug|Any CPU
		{17CE07F3-505A-4E55-B500-FC73CC74772B}.Debug|Any CPU.Build.0 = Debug|Any CPU
		{17CE07F3-505A-4E55-B500-FC73CC74772B}.Release|Any CPU.ActiveCfg = Release|Any CPU
		{17CE07F3-505A-4E55-B500-FC73CC74772B}.Release|Any CPU.Build.0 = Release|Any CPU
		{C463C8D4-0EAD-4BEA-A6A2-FFFB4A2A1F2D}.Debug|Any CPU.ActiveCfg = Debug|Any CPU
		{C463C8D4-0EAD-4BEA-A6A2-FFFB4A2A1F2D}.Debug|Any CPU.Build.0 = Debug|Any CPU
		{C463C8D4-0EAD-4BEA-A6A2-FFFB4A2A1F2D}.Release|Any CPU.ActiveCfg = Release|Any CPU
		{C463C8D4-0EAD-4BEA-A6A2-FFFB4A2A1F2D}.Release|Any CPU.Build.0 = Release|Any CPU
		{E6BFE1EA-6E76-46FA-9D55-B2CC5B2D2E9B}.Debug|Any CPU.ActiveCfg = Debug|Any CPU
		{E6BFE1EA-6E76-46FA-9D55-B2CC5B2D2E9B}.Debug|Any CPU.Build.0 = Debug|Any CPU
		{E6BFE1EA-6E76-46FA-9D55-B2CC5B2D2E9B}.Release|Any CPU.ActiveCfg = Release|Any CPU
		{E6BFE1EA-6E76-46FA-9D55-B2CC5B2D2E9B}.Release|Any CPU.Build.0 = Release|Any CPU
		{F55E5D06-76F7-4A52-B905-AFBD12B64B59}.Debug|Any CPU.ActiveCfg = Debug|Any CPU
		{F55E5D06-76F7-4A52-B905-AFBD12B64B59}.Debug|Any CPU.Build.0 = Debug|Any CPU
		{F55E5D06-76F7-4A52-B905-AFBD12B64B59}.Release|Any CPU.ActiveCfg = Release|Any CPU
		{F55E5D06-76F7-4A52-B905-AFBD12B64B59}.Release|Any CPU.Build.0 = Release|Any CPU
	EndGlobalSection
	GlobalSection(SolutionProperties) = preSolution
		HideSolutionNode = FALSE
	EndGlobalSection
EndGlobal
